
Microsoft Visual Studio Solution File, Format Version 12.00
# Visual Studio Version 17
VisualStudioVersion = 17.11.35312.102
MinimumVisualStudioVersion = 10.0.40219.1
Project("{FAE04EC0-301F-11D3-BF4B-00C04F79EFBC}") = "ISLAGO", "ISLAGO\ISLAGO.csproj", "{862FF4A2-BE68-48D0-A4C8-48D33C6EF925}"
EndProject
Project("{FAE04EC0-301F-11D3-BF4B-00C04F79EFBC}") = "ISLAGO.Datos", "ISLAGO.Datos\ISLAGO.Datos.csproj", "{A4DF8819-CC2E-422A-B659-EE18E53E7CC2}"
EndProject
Project("{FAE04EC0-301F-11D3-BF4B-00C04F79EFBC}") = "ISLAGO.Entidad", "ISLAGO.Entidad\ISLAGO.Entidad.csproj", "{3338719B-F01B-41C0-A25D-DA2040DA7064}"
EndProject
Project("{FAE04EC0-301F-11D3-BF4B-00C04F79EFBC}") = "ISLAGO.Negocio", "ISLAGO.Negocio\ISLAGO.Negocio.csproj", "{201EC6C5-243F-4C02-ACED-25ECB0090AF8}"
EndProject
Project("{FAE04EC0-301F-11D3-BF4B-00C04F79EFBC}") = "ISLAGO.IOC", "ISLAGO.IOC\ISLAGO.IOC.csproj", "{50925614-91FD-4813-A6B1-D30E297C2BB0}"
EndProject
Global
	GlobalSection(SolutionConfigurationPlatforms) = preSolution
		Debug|Any CPU = Debug|Any CPU
		Release|Any CPU = Release|Any CPU
	EndGlobalSection
	GlobalSection(ProjectConfigurationPlatforms) = postSolution
		{862FF4A2-BE68-48D0-A4C8-48D33C6EF925}.Debug|Any CPU.ActiveCfg = Debug|Any CPU
		{862FF4A2-BE68-48D0-A4C8-48D33C6EF925}.Debug|Any CPU.Build.0 = Debug|Any CPU
		{862FF4A2-BE68-48D0-A4C8-48D33C6EF925}.Release|Any CPU.ActiveCfg = Release|Any CPU
		{862FF4A2-BE68-48D0-A4C8-48D33C6EF925}.Release|Any CPU.Build.0 = Release|Any CPU
		{A4DF8819-CC2E-422A-B659-EE18E53E7CC2}.Debug|Any CPU.ActiveCfg = Debug|Any CPU
		{A4DF8819-CC2E-422A-B659-EE18E53E7CC2}.Debug|Any CPU.Build.0 = Debug|Any CPU
		{A4DF8819-CC2E-422A-B659-EE18E53E7CC2}.Release|Any CPU.ActiveCfg = Release|Any CPU
		{A4DF8819-CC2E-422A-B659-EE18E53E7CC2}.Release|Any CPU.Build.0 = Release|Any CPU
		{3338719B-F01B-41C0-A25D-DA2040DA7064}.Debug|Any CPU.ActiveCfg = Debug|Any CPU
		{3338719B-F01B-41C0-A25D-DA2040DA7064}.Debug|Any CPU.Build.0 = Debug|Any CPU
		{3338719B-F01B-41C0-A25D-DA2040DA7064}.Release|Any CPU.ActiveCfg = Release|Any CPU
		{3338719B-F01B-41C0-A25D-DA2040DA7064}.Release|Any CPU.Build.0 = Release|Any CPU
		{201EC6C5-243F-4C02-ACED-25ECB0090AF8}.Debug|Any CPU.ActiveCfg = Debug|Any CPU
		{201EC6C5-243F-4C02-ACED-25ECB0090AF8}.Debug|Any CPU.Build.0 = Debug|Any CPU
		{201EC6C5-243F-4C02-ACED-25ECB0090AF8}.Release|Any CPU.ActiveCfg = Release|Any CPU
		{201EC6C5-243F-4C02-ACED-25ECB0090AF8}.Release|Any CPU.Build.0 = Release|Any CPU
		{50925614-91FD-4813-A6B1-D30E297C2BB0}.Debug|Any CPU.ActiveCfg = Debug|Any CPU
		{50925614-91FD-4813-A6B1-D30E297C2BB0}.Debug|Any CPU.Build.0 = Debug|Any CPU
		{50925614-91FD-4813-A6B1-D30E297C2BB0}.Release|Any CPU.ActiveCfg = Release|Any CPU
		{50925614-91FD-4813-A6B1-D30E297C2BB0}.Release|Any CPU.Build.0 = Release|Any CPU
	EndGlobalSection
	GlobalSection(SolutionProperties) = preSolution
		HideSolutionNode = FALSE
	EndGlobalSection
	GlobalSection(ExtensibilityGlobals) = postSolution
		SolutionGuid = {EBAAEF01-FB66-499D-807F-B5B031631D0C}
	EndGlobalSection
EndGlobal
